
Microsoft Visual Studio Solution File, Format Version 12.00
# Visual Studio Version 16
VisualStudioVersion = 16.0.30711.63
MinimumVisualStudioVersion = 10.0.40219.1
Project("{FAE04EC0-301F-11D3-BF4B-00C04F79EFBC}") = "Brightness_Luminance", "Brightness_Luminance\Brightness_Luminance.csproj", "{53938EF1-9645-4C84-B0CC-394D7E4F76ED}"
EndProject
Global
	GlobalSection(SolutionConfigurationPlatforms) = preSolution
		Debug|Any CPU = Debug|Any CPU
		Release|Any CPU = Release|Any CPU
	EndGlobalSection
	GlobalSection(ProjectConfigurationPlatforms) = postSolution
		{53938EF1-9645-4C84-B0CC-394D7E4F76ED}.Debug|Any CPU.ActiveCfg = Debug|Any CPU
		{53938EF1-9645-4C84-B0CC-394D7E4F76ED}.Debug|Any CPU.Build.0 = Debug|Any CPU
		{53938EF1-9645-4C84-B0CC-394D7E4F76ED}.Release|Any CPU.ActiveCfg = Release|Any CPU
		{53938EF1-9645-4C84-B0CC-394D7E4F76ED}.Release|Any CPU.Build.0 = Release|Any CPU
	EndGlobalSection
	GlobalSection(SolutionProperties) = preSolution
		HideSolutionNode = FALSE
	EndGlobalSection
	GlobalSection(ExtensibilityGlobals) = postSolution
		SolutionGuid = {40C2CA7D-E162-4687-8AF0-E492C6CCD8F9}
	EndGlobalSection
EndGlobal
